
Microsoft Visual Studio Solution File, Format Version 12.00
# Visual Studio Version 16
VisualStudioVersion = 16.0.30114.105
MinimumVisualStudioVersion = 10.0.40219.1
Project("{2150E333-8FDC-42A3-9474-1A3956D46DE8}") = "src", "src", "{E70BCFF8-98D5-44A8-AECE-B8C63BD61553}"
EndProject
Project("{FAE04EC0-301F-11D3-BF4B-00C04F79EFBC}") = "App", "src\App\App.csproj", "{AADC2C84-2DA8-454E-B5D2-99CD99FCB082}"
EndProject
Project("{FAE04EC0-301F-11D3-BF4B-00C04F79EFBC}") = "Core", "src\Core\Core.csproj", "{898DC334-1635-4B7E-A698-72BF85BC3EDA}"
EndProject
Global
	GlobalSection(SolutionConfigurationPlatforms) = preSolution
		Debug|Any CPU = Debug|Any CPU
		Release|Any CPU = Release|Any CPU
	EndGlobalSection
	GlobalSection(SolutionProperties) = preSolution
		HideSolutionNode = FALSE
	EndGlobalSection
	GlobalSection(ProjectConfigurationPlatforms) = postSolution
		{AADC2C84-2DA8-454E-B5D2-99CD99FCB082}.Debug|Any CPU.ActiveCfg = Debug|Any CPU
		{AADC2C84-2DA8-454E-B5D2-99CD99FCB082}.Debug|Any CPU.Build.0 = Debug|Any CPU
		{AADC2C84-2DA8-454E-B5D2-99CD99FCB082}.Release|Any CPU.ActiveCfg = Release|Any CPU
		{AADC2C84-2DA8-454E-B5D2-99CD99FCB082}.Release|Any CPU.Build.0 = Release|Any CPU
		{898DC334-1635-4B7E-A698-72BF85BC3EDA}.Debug|Any CPU.ActiveCfg = Debug|Any CPU
		{898DC334-1635-4B7E-A698-72BF85BC3EDA}.Debug|Any CPU.Build.0 = Debug|Any CPU
		{898DC334-1635-4B7E-A698-72BF85BC3EDA}.Release|Any CPU.ActiveCfg = Release|Any CPU
		{898DC334-1635-4B7E-A698-72BF85BC3EDA}.Release|Any CPU.Build.0 = Release|Any CPU
	EndGlobalSection
	GlobalSection(NestedProjects) = preSolution
		{AADC2C84-2DA8-454E-B5D2-99CD99FCB082} = {E70BCFF8-98D5-44A8-AECE-B8C63BD61553}
		{898DC334-1635-4B7E-A698-72BF85BC3EDA} = {E70BCFF8-98D5-44A8-AECE-B8C63BD61553}
	EndGlobalSection
EndGlobal
